Microsoft Visual Studio Solution File, Format Version 7.00
Project("{8BC9CEB8-8B4A-11D0-8D11-00A0C91BC942}") = "audiere", "audiere\audiere.vcproj", "{31F3D9BD-DB00-418B-A86E-D643D323AB0D}"
EndProject
Project("{8BC9CEB8-8B4A-11D0-8D11-00A0C91BC942}") = "interactive", "interactive\interactive.vcproj", "{8DDD5B90-76D5-4298-A52A-DF64B40A08A3}"
EndProject
Project("{8BC9CEB8-8B4A-11D0-8D11-00A0C91BC942}") = "wxplayer", "wxplayer\wxplayer.vcproj", "{3B51D58C-BCFC-4862-A42F-054410B3AAE4}"
EndProject
Global
	GlobalSection(SolutionConfiguration) = preSolution
		ConfigName.0 = Debug
		ConfigName.1 = Release
	EndGlobalSection
	GlobalSection(ProjectDependencies) = postSolution
		{8DDD5B90-76D5-4298-A52A-DF64B40A08A3}.0 = {31F3D9BD-DB00-418B-A86E-D643D323AB0D}
		{3B51D58C-BCFC-4862-A42F-054410B3AAE4}.0 = {31F3D9BD-DB00-418B-A86E-D643D323AB0D}
	EndGlobalSection
	GlobalSection(ProjectConfiguration) = postSolution
		{31F3D9BD-DB00-418B-A86E-D643D323AB0D}.Debug.ActiveCfg = Debug|Win32
		{31F3D9BD-DB00-418B-A86E-D643D323AB0D}.Debug.Build.0 = Debug|Win32
		{31F3D9BD-DB00-418B-A86E-D643D323AB0D}.Release.ActiveCfg = Release|Win32
		{31F3D9BD-DB00-418B-A86E-D643D323AB0D}.Release.Build.0 = Release|Win32
		{8DDD5B90-76D5-4298-A52A-DF64B40A08A3}.Debug.ActiveCfg = Debug|Win32
		{8DDD5B90-76D5-4298-A52A-DF64B40A08A3}.Debug.Build.0 = Debug|Win32
		{8DDD5B90-76D5-4298-A52A-DF64B40A08A3}.Release.ActiveCfg = Release|Win32
		{8DDD5B90-76D5-4298-A52A-DF64B40A08A3}.Release.Build.0 = Release|Win32
		{3B51D58C-BCFC-4862-A42F-054410B3AAE4}.Debug.ActiveCfg = Debug|Win32
		{3B51D58C-BCFC-4862-A42F-054410B3AAE4}.Debug.Build.0 = Debug|Win32
		{3B51D58C-BCFC-4862-A42F-054410B3AAE4}.Release.ActiveCfg = Release|Win32
		{3B51D58C-BCFC-4862-A42F-054410B3AAE4}.Release.Build.0 = Release|Win32
	EndGlobalSection
	GlobalSection(ExtensibilityGlobals) = postSolution
	EndGlobalSection
	GlobalSection(ExtensibilityAddIns) = postSolution
	EndGlobalSection
EndGlobal
